
Microsoft Visual Studio Solution File, Format Version 12.00
# Visual Studio Version 16
VisualStudioVersion = 16.0.29201.188
MinimumVisualStudioVersion = 10.0.40219.1
Project("{FAE04EC0-301F-11D3-BF4B-00C04F79EFBC}") = "pal", "pal\pal.csproj", "{C451C4A8-6B1E-4EE9-BF48-FC6587EF8EF3}"
EndProject
Global
	GlobalSection(SolutionConfigurationPlatforms) = preSolution
		Debug|Any CPU = Debug|Any CPU
		Release|Any CPU = Release|Any CPU
	EndGlobalSection
	GlobalSection(ProjectConfigurationPlatforms) = postSolution
		{C451C4A8-6B1E-4EE9-BF48-FC6587EF8EF3}.Debug|Any CPU.ActiveCfg = Debug|Any CPU
		{C451C4A8-6B1E-4EE9-BF48-FC6587EF8EF3}.Debug|Any CPU.Build.0 = Debug|Any CPU
		{C451C4A8-6B1E-4EE9-BF48-FC6587EF8EF3}.Release|Any CPU.ActiveCfg = Release|Any CPU
		{C451C4A8-6B1E-4EE9-BF48-FC6587EF8EF3}.Release|Any CPU.Build.0 = Release|Any CPU
	EndGlobalSection
	GlobalSection(SolutionProperties) = preSolution
		HideSolutionNode = FALSE
	EndGlobalSection
	GlobalSection(ExtensibilityGlobals) = postSolution
		SolutionGuid = {D5FFA21B-E127-46C5-8A17-8CDBB2F13AC5}
	EndGlobalSection
EndGlobal
